<Solution>
  <Folder Name="/src/">
    <Project Path="src/StartupProfiles.App/StartupProfiles.App.csproj" />
    <Project Path="src/StartupProfiles.Core/StartupProfiles.Core.csproj" />
  </Folder>
  <Folder Name="/tests/">
    <Project Path="tests/StartupProfiles.Core.Tests/StartupProfiles.Core.Tests.csproj" />
  </Folder>
</Solution>
